
Microsoft Visual Studio Solution File, Format Version 12.00
# Visual Studio Version 16
VisualStudioVersion = 16.0.29709.97
MinimumVisualStudioVersion = 10.0.40219.1
Project("{FAE04EC0-301F-11D3-BF4B-00C04F79EFBC}") = "WristTimer", "WristTimer\WristTimer.csproj", "{026F639C-B8C1-481E-A003-7ABC9C54559A}"
EndProject
Global
	GlobalSection(SolutionConfigurationPlatforms) = preSolution
		Debug|Any CPU = Debug|Any CPU
		Release|Any CPU = Release|Any CPU
	EndGlobalSection
	GlobalSection(ProjectConfigurationPlatforms) = postSolution
		{026F639C-B8C1-481E-A003-7ABC9C54559A}.Debug|Any CPU.ActiveCfg = Debug|Any CPU
		{026F639C-B8C1-481E-A003-7ABC9C54559A}.Debug|Any CPU.Build.0 = Debug|Any CPU
		{026F639C-B8C1-481E-A003-7ABC9C54559A}.Release|Any CPU.ActiveCfg = Release|Any CPU
		{026F639C-B8C1-481E-A003-7ABC9C54559A}.Release|Any CPU.Build.0 = Release|Any CPU
	EndGlobalSection
	GlobalSection(SolutionProperties) = preSolution
		HideSolutionNode = FALSE
	EndGlobalSection
	GlobalSection(ExtensibilityGlobals) = postSolution
		SolutionGuid = {45FA6631-19F3-4AD4-A95D-C40C0EF7E915}
	EndGlobalSection
EndGlobal
